Microsoft Visual Studio Solution File, Format Version 12.00
# Visual Studio Version 16
VisualStudioVersion = 16.0.31410.357
MinimumVisualStudioVersion = 10.0.40219.1
Project("{9A19103F-16F7-4668-BE54-9A1E7A4F7556}") = "ChessGame", "ChessGame.csproj", "{F6D0A12D-813D-4EAA-A528-9635CD80F9B7}"
EndProject
Global
	GlobalSection(SolutionConfigurationPlatforms) = preSolution
		Debug|Any CPU = Debug|Any CPU
		Release|Any CPU = Release|Any CPU
	EndGlobalSection
	GlobalSection(ProjectConfigurationPlatforms) = postSolution
		{F6D0A12D-813D-4EAA-A528-9635CD80F9B7}.Debug|Any CPU.ActiveCfg = Debug|Any CPU
		{F6D0A12D-813D-4EAA-A528-9635CD80F9B7}.Debug|Any CPU.Build.0 = Debug|Any CPU
		{F6D0A12D-813D-4EAA-A528-9635CD80F9B7}.Release|Any CPU.ActiveCfg = Release|Any CPU
		{F6D0A12D-813D-4EAA-A528-9635CD80F9B7}.Release|Any CPU.Build.0 = Release|Any CPU
		{246DF689-0737-4164-A274-08F97D3FC3A5}.Debug|Any CPU.ActiveCfg = Debug|Any CPU
		{246DF689-0737-4164-A274-08F97D3FC3A5}.Debug|Any CPU.Build.0 = Debug|Any CPU
		{246DF689-0737-4164-A274-08F97D3FC3A5}.Release|Any CPU.ActiveCfg = Release|Any CPU
		{246DF689-0737-4164-A274-08F97D3FC3A5}.Release|Any CPU.Build.0 = Release|Any CPU
		{2226C090-443D-4ECE-9503-5BA5AAD9A056}.Debug|Any CPU.ActiveCfg = Debug|Any CPU
		{2226C090-443D-4ECE-9503-5BA5AAD9A056}.Debug|Any CPU.Build.0 = Debug|Any CPU
		{2226C090-443D-4ECE-9503-5BA5AAD9A056}.Release|Any CPU.ActiveCfg = Release|Any CPU
		{2226C090-443D-4ECE-9503-5BA5AAD9A056}.Release|Any CPU.Build.0 = Release|Any CPU
	EndGlobalSection
	GlobalSection(SolutionProperties) = preSolution
		HideSolutionNode = FALSE
	EndGlobalSection
	GlobalSection(ExtensibilityGlobals) = postSolution
		SolutionGuid = {1E9E2060-BE13-4539-AFF6-CE82C8D83845}
	EndGlobalSection
EndGlobal
